
Microsoft Visual Studio Solution File, Format Version 12.00
# Visual Studio 14
VisualStudioVersion = 14.0.23107.0
MinimumVisualStudioVersion = 10.0.40219.1
Project("{151D2E53-A2C4-4D7D-83FE-D05416EBD58E}") = "Demo1-Finished", "Demo1\Demo1-Finished.deployproj", "{0D1E0EE9-443C-4C32-9785-D0BD466D609C}"
EndProject
Project("{151D2E53-A2C4-4D7D-83FE-D05416EBD58E}") = "BuildingBlocks", "BuildingBlocks\BuildingBlocks.deployproj", "{AD0DCDAA-E2DB-4E06-A743-F783B6DECDA3}"
EndProject
Project("{151D2E53-A2C4-4D7D-83FE-D05416EBD58E}") = "Demo2-Finished", "Demo2-Finished\Demo2-Finished.deployproj", "{83975B74-2C38-40C9-A270-6701D6F2D090}"
EndProject
Project("{151D2E53-A2C4-4D7D-83FE-D05416EBD58E}") = "Demo2-Start", "Demo2-Start\Demo2-Start.deployproj", "{043CCDDD-F6EE-4CAE-8492-12499BCD802A}"
EndProject
Project("{151D2E53-A2C4-4D7D-83FE-D05416EBD58E}") = "Demo3-Start", "Demo3-Start\Demo3-Start.deployproj", "{F04052E8-C270-4654-90FB-50384E89CFBA}"
EndProject
Project("{151D2E53-A2C4-4D7D-83FE-D05416EBD58E}") = "Demo3-Finished", "Demo3-Finished\Demo3-Finished.deployproj", "{1DDF09C5-8686-4349-88BC-BC9BA7D49F23}"
EndProject
Global
	GlobalSection(SolutionConfigurationPlatforms) = preSolution
		Debug|Any CPU = Debug|Any CPU
		Release|Any CPU = Release|Any CPU
	EndGlobalSection
	GlobalSection(ProjectConfigurationPlatforms) = postSolution
		{0D1E0EE9-443C-4C32-9785-D0BD466D609C}.Debug|Any CPU.ActiveCfg = Debug|Any CPU
		{0D1E0EE9-443C-4C32-9785-D0BD466D609C}.Debug|Any CPU.Build.0 = Debug|Any CPU
		{0D1E0EE9-443C-4C32-9785-D0BD466D609C}.Release|Any CPU.ActiveCfg = Release|Any CPU
		{0D1E0EE9-443C-4C32-9785-D0BD466D609C}.Release|Any CPU.Build.0 = Release|Any CPU
		{AD0DCDAA-E2DB-4E06-A743-F783B6DECDA3}.Debug|Any CPU.ActiveCfg = Debug|Any CPU
		{AD0DCDAA-E2DB-4E06-A743-F783B6DECDA3}.Debug|Any CPU.Build.0 = Debug|Any CPU
		{AD0DCDAA-E2DB-4E06-A743-F783B6DECDA3}.Release|Any CPU.ActiveCfg = Release|Any CPU
		{AD0DCDAA-E2DB-4E06-A743-F783B6DECDA3}.Release|Any CPU.Build.0 = Release|Any CPU
		{83975B74-2C38-40C9-A270-6701D6F2D090}.Debug|Any CPU.ActiveCfg = Debug|Any CPU
		{83975B74-2C38-40C9-A270-6701D6F2D090}.Debug|Any CPU.Build.0 = Debug|Any CPU
		{83975B74-2C38-40C9-A270-6701D6F2D090}.Release|Any CPU.ActiveCfg = Release|Any CPU
		{83975B74-2C38-40C9-A270-6701D6F2D090}.Release|Any CPU.Build.0 = Release|Any CPU
		{043CCDDD-F6EE-4CAE-8492-12499BCD802A}.Debug|Any CPU.ActiveCfg = Debug|Any CPU
		{043CCDDD-F6EE-4CAE-8492-12499BCD802A}.Debug|Any CPU.Build.0 = Debug|Any CPU
		{043CCDDD-F6EE-4CAE-8492-12499BCD802A}.Release|Any CPU.ActiveCfg = Release|Any CPU
		{043CCDDD-F6EE-4CAE-8492-12499BCD802A}.Release|Any CPU.Build.0 = Release|Any CPU
		{F04052E8-C270-4654-90FB-50384E89CFBA}.Debug|Any CPU.ActiveCfg = Debug|Any CPU
		{F04052E8-C270-4654-90FB-50384E89CFBA}.Debug|Any CPU.Build.0 = Debug|Any CPU
		{F04052E8-C270-4654-90FB-50384E89CFBA}.Release|Any CPU.ActiveCfg = Release|Any CPU
		{F04052E8-C270-4654-90FB-50384E89CFBA}.Release|Any CPU.Build.0 = Release|Any CPU
		{1DDF09C5-8686-4349-88BC-BC9BA7D49F23}.Debug|Any CPU.ActiveCfg = Debug|Any CPU
		{1DDF09C5-8686-4349-88BC-BC9BA7D49F23}.Debug|Any CPU.Build.0 = Debug|Any CPU
		{1DDF09C5-8686-4349-88BC-BC9BA7D49F23}.Release|Any CPU.ActiveCfg = Release|Any CPU
		{1DDF09C5-8686-4349-88BC-BC9BA7D49F23}.Release|Any CPU.Build.0 = Release|Any CPU
	EndGlobalSection
	GlobalSection(SolutionProperties) = preSolution
		HideSolutionNode = FALSE
	EndGlobalSection
EndGlobal
