
Microsoft Visual Studio Solution File, Format Version 12.00
# Visual Studio 14
VisualStudioVersion = 14.0.23107.0
MinimumVisualStudioVersion = 10.0.40219.1
Project("{151D2E53-A2C4-4D7D-83FE-D05416EBD58E}") = "AdvARM", "AdvARM\AdvARM.deployproj", "{8E3BD40A-8B81-4EE9-9E5F-F736073AE2D8}"
EndProject
Project("{151D2E53-A2C4-4D7D-83FE-D05416EBD58E}") = "Demo1", "Demo1\Demo1.deployproj", "{0D1E0EE9-443C-4C32-9785-D0BD466D609C}"
EndProject
Global
	GlobalSection(SolutionConfigurationPlatforms) = preSolution
		Debug|Any CPU = Debug|Any CPU
		Release|Any CPU = Release|Any CPU
	EndGlobalSection
	GlobalSection(ProjectConfigurationPlatforms) = postSolution
		{8E3BD40A-8B81-4EE9-9E5F-F736073AE2D8}.Debug|Any CPU.ActiveCfg = Debug|Any CPU
		{8E3BD40A-8B81-4EE9-9E5F-F736073AE2D8}.Debug|Any CPU.Build.0 = Debug|Any CPU
		{8E3BD40A-8B81-4EE9-9E5F-F736073AE2D8}.Release|Any CPU.ActiveCfg = Release|Any CPU
		{8E3BD40A-8B81-4EE9-9E5F-F736073AE2D8}.Release|Any CPU.Build.0 = Release|Any CPU
		{0D1E0EE9-443C-4C32-9785-D0BD466D609C}.Debug|Any CPU.ActiveCfg = Debug|Any CPU
		{0D1E0EE9-443C-4C32-9785-D0BD466D609C}.Debug|Any CPU.Build.0 = Debug|Any CPU
		{0D1E0EE9-443C-4C32-9785-D0BD466D609C}.Release|Any CPU.ActiveCfg = Release|Any CPU
		{0D1E0EE9-443C-4C32-9785-D0BD466D609C}.Release|Any CPU.Build.0 = Release|Any CPU
	EndGlobalSection
	GlobalSection(SolutionProperties) = preSolution
		HideSolutionNode = FALSE
	EndGlobalSection
EndGlobal
